
Microsoft Visual Studio Solution File, Format Version 12.00
# Visual Studio Version 16
VisualStudioVersion = 16.0.31729.503
MinimumVisualStudioVersion = 10.0.40219.1
Project("{9A19103F-16F7-4668-BE54-9A1E7A4F7556}") = "Powerplant-codingchallenge", "WebApplication2\Powerplant-codingchallenge.csproj", "{349120F4-E2F7-40A6-BE44-E5DDA15BC243}"
EndProject
Global
	GlobalSection(SolutionConfigurationPlatforms) = preSolution
		Debug|Any CPU = Debug|Any CPU
		Release|Any CPU = Release|Any CPU
	EndGlobalSection
	GlobalSection(ProjectConfigurationPlatforms) = postSolution
		{349120F4-E2F7-40A6-BE44-E5DDA15BC243}.Debug|Any CPU.ActiveCfg = Debug|Any CPU
		{349120F4-E2F7-40A6-BE44-E5DDA15BC243}.Debug|Any CPU.Build.0 = Debug|Any CPU
		{349120F4-E2F7-40A6-BE44-E5DDA15BC243}.Release|Any CPU.ActiveCfg = Release|Any CPU
		{349120F4-E2F7-40A6-BE44-E5DDA15BC243}.Release|Any CPU.Build.0 = Release|Any CPU
	EndGlobalSection
	GlobalSection(SolutionProperties) = preSolution
		HideSolutionNode = FALSE
	EndGlobalSection
	GlobalSection(ExtensibilityGlobals) = postSolution
		SolutionGuid = {E0462C09-E641-4742-A733-777EC4C5CB3D}
	EndGlobalSection
EndGlobal
